
Microsoft Visual Studio Solution File, Format Version 12.00
# Visual Studio Version 17
VisualStudioVersion = 17.2.32210.308
MinimumVisualStudioVersion = 10.0.40219.1
Project("{FAE04EC0-301F-11D3-BF4B-00C04F79EFBC}") = "Thumbnail.PMX", "Thumbnail.PMX\Thumbnail.PMX.csproj", "{42FBD313-2E60-4A4E-86E1-9F68FBD22B1B}"
EndProject
Project("{FAE04EC0-301F-11D3-BF4B-00C04F79EFBC}") = "PMXRenderer", "PMXRenderer\PMXRenderer.csproj", "{AC579B23-8873-4956-B562-0C41BB47FA08}"
EndProject
Project("{FAE04EC0-301F-11D3-BF4B-00C04F79EFBC}") = "PMXRenderer.Test", "PMXRenderer.Test\PMXRenderer.Test.csproj", "{A7803D15-93A1-4271-A177-ED2DD52E393D}"
EndProject
Global
	GlobalSection(SolutionConfigurationPlatforms) = preSolution
		Debug|Any CPU = Debug|Any CPU
		Debug|x64 = Debug|x64
		Debug|x86 = Debug|x86
		Release|Any CPU = Release|Any CPU
		Release|x64 = Release|x64
		Release|x86 = Release|x86
	EndGlobalSection
	GlobalSection(ProjectConfigurationPlatforms) = postSolution
		{42FBD313-2E60-4A4E-86E1-9F68FBD22B1B}.Debug|Any CPU.ActiveCfg = Debug|Any CPU
		{42FBD313-2E60-4A4E-86E1-9F68FBD22B1B}.Debug|Any CPU.Build.0 = Debug|Any CPU
		{42FBD313-2E60-4A4E-86E1-9F68FBD22B1B}.Debug|x64.ActiveCfg = Debug|Any CPU
		{42FBD313-2E60-4A4E-86E1-9F68FBD22B1B}.Debug|x64.Build.0 = Debug|Any CPU
		{42FBD313-2E60-4A4E-86E1-9F68FBD22B1B}.Debug|x86.ActiveCfg = Debug|Any CPU
		{42FBD313-2E60-4A4E-86E1-9F68FBD22B1B}.Debug|x86.Build.0 = Debug|Any CPU
		{42FBD313-2E60-4A4E-86E1-9F68FBD22B1B}.Release|Any CPU.ActiveCfg = Release|Any CPU
		{42FBD313-2E60-4A4E-86E1-9F68FBD22B1B}.Release|Any CPU.Build.0 = Release|Any CPU
		{42FBD313-2E60-4A4E-86E1-9F68FBD22B1B}.Release|x64.ActiveCfg = Release|Any CPU
		{42FBD313-2E60-4A4E-86E1-9F68FBD22B1B}.Release|x64.Build.0 = Release|Any CPU
		{42FBD313-2E60-4A4E-86E1-9F68FBD22B1B}.Release|x86.ActiveCfg = Release|Any CPU
		{42FBD313-2E60-4A4E-86E1-9F68FBD22B1B}.Release|x86.Build.0 = Release|Any CPU
		{AC579B23-8873-4956-B562-0C41BB47FA08}.Debug|Any CPU.ActiveCfg = Debug|Any CPU
		{AC579B23-8873-4956-B562-0C41BB47FA08}.Debug|Any CPU.Build.0 = Debug|Any CPU
		{AC579B23-8873-4956-B562-0C41BB47FA08}.Debug|x64.ActiveCfg = Debug|Any CPU
		{AC579B23-8873-4956-B562-0C41BB47FA08}.Debug|x64.Build.0 = Debug|Any CPU
		{AC579B23-8873-4956-B562-0C41BB47FA08}.Debug|x86.ActiveCfg = Debug|Any CPU
		{AC579B23-8873-4956-B562-0C41BB47FA08}.Debug|x86.Build.0 = Debug|Any CPU
		{AC579B23-8873-4956-B562-0C41BB47FA08}.Release|Any CPU.ActiveCfg = Release|Any CPU
		{AC579B23-8873-4956-B562-0C41BB47FA08}.Release|Any CPU.Build.0 = Release|Any CPU
		{AC579B23-8873-4956-B562-0C41BB47FA08}.Release|x64.ActiveCfg = Release|Any CPU
		{AC579B23-8873-4956-B562-0C41BB47FA08}.Release|x64.Build.0 = Release|Any CPU
		{AC579B23-8873-4956-B562-0C41BB47FA08}.Release|x86.ActiveCfg = Release|Any CPU
		{AC579B23-8873-4956-B562-0C41BB47FA08}.Release|x86.Build.0 = Release|Any CPU
		{A7803D15-93A1-4271-A177-ED2DD52E393D}.Debug|Any CPU.ActiveCfg = Debug|Any CPU
		{A7803D15-93A1-4271-A177-ED2DD52E393D}.Debug|Any CPU.Build.0 = Debug|Any CPU
		{A7803D15-93A1-4271-A177-ED2DD52E393D}.Debug|x64.ActiveCfg = Debug|Any CPU
		{A7803D15-93A1-4271-A177-ED2DD52E393D}.Debug|x64.Build.0 = Debug|Any CPU
		{A7803D15-93A1-4271-A177-ED2DD52E393D}.Debug|x86.ActiveCfg = Debug|Any CPU
		{A7803D15-93A1-4271-A177-ED2DD52E393D}.Debug|x86.Build.0 = Debug|Any CPU
		{A7803D15-93A1-4271-A177-ED2DD52E393D}.Release|Any CPU.ActiveCfg = Release|Any CPU
		{A7803D15-93A1-4271-A177-ED2DD52E393D}.Release|Any CPU.Build.0 = Release|Any CPU
		{A7803D15-93A1-4271-A177-ED2DD52E393D}.Release|x64.ActiveCfg = Release|Any CPU
		{A7803D15-93A1-4271-A177-ED2DD52E393D}.Release|x64.Build.0 = Release|Any CPU
		{A7803D15-93A1-4271-A177-ED2DD52E393D}.Release|x86.ActiveCfg = Release|Any CPU
		{A7803D15-93A1-4271-A177-ED2DD52E393D}.Release|x86.Build.0 = Release|Any CPU
	EndGlobalSection
	GlobalSection(SolutionProperties) = preSolution
		HideSolutionNode = FALSE
	EndGlobalSection
	GlobalSection(ExtensibilityGlobals) = postSolution
		SolutionGuid = {2E3F3E62-409C-4E35-BFCD-B9E4CA607863}
	EndGlobalSection
EndGlobal
